
Microsoft Visual Studio Solution File, Format Version 12.00
# Visual Studio Version 16
VisualStudioVersion = 16.0.30523.141
MinimumVisualStudioVersion = 10.0.40219.1
Project("{FAE04EC0-301F-11D3-BF4B-00C04F79EFBC}") = "BookSharing", "BookSharing\BookSharing.csproj", "{DC77FBF5-AD9C-4096-8139-4AECCF8E0E41}"
EndProject
Global
	GlobalSection(SolutionConfigurationPlatforms) = preSolution
		Debug|Any CPU = Debug|Any CPU
		Release|Any CPU = Release|Any CPU
	EndGlobalSection
	GlobalSection(ProjectConfigurationPlatforms) = postSolution
		{DC77FBF5-AD9C-4096-8139-4AECCF8E0E41}.Debug|Any CPU.ActiveCfg = Debug|Any CPU
		{DC77FBF5-AD9C-4096-8139-4AECCF8E0E41}.Debug|Any CPU.Build.0 = Debug|Any CPU
		{DC77FBF5-AD9C-4096-8139-4AECCF8E0E41}.Release|Any CPU.ActiveCfg = Release|Any CPU
		{DC77FBF5-AD9C-4096-8139-4AECCF8E0E41}.Release|Any CPU.Build.0 = Release|Any CPU
	EndGlobalSection
	GlobalSection(SolutionProperties) = preSolution
		HideSolutionNode = FALSE
	EndGlobalSection
	GlobalSection(ExtensibilityGlobals) = postSolution
		SolutionGuid = {1B92D975-7827-4064-B15B-F78516DBED06}
	EndGlobalSection
EndGlobal
