
Microsoft Visual Studio Solution File, Format Version 12.00
# Visual Studio Version 16
VisualStudioVersion = 16.0.30523.141
MinimumVisualStudioVersion = 10.0.40219.1
Project("{2150E333-8FDC-42A3-9474-1A3956D46DE8}") = "domain", "domain", "{AE36EBD4-7369-40B4-B5BE-185C0F195A31}"
EndProject
Project("{2150E333-8FDC-42A3-9474-1A3956D46DE8}") = "presentation", "presentation", "{A343CE8E-8B8A-457D-A654-DEFD8D010D56}"
EndProject
Project("{2150E333-8FDC-42A3-9474-1A3956D46DE8}") = "infrastructure", "infrastructure", "{C60C41A6-9EB6-4068-8B44-31CC8C287237}"
EndProject
Project("{9A19103F-16F7-4668-BE54-9A1E7A4F7556}") = "BookSharing.Data.EF", "infrastructure\BookSharing.Data.EF\BookSharing.Data.EF.csproj", "{076FFB0E-BCE9-475E-8D85-B22E85BB163E}"
EndProject
Project("{9A19103F-16F7-4668-BE54-9A1E7A4F7556}") = "BookSharing", "domain\BookSharing\BookSharing.csproj", "{19F981C4-AD5C-4E0C-BE86-B3B6C7B7C12B}"
EndProject
Project("{9A19103F-16F7-4668-BE54-9A1E7A4F7556}") = "BookSharing.API", "presentation\BookSharing.API\BookSharing.API.csproj", "{96DFFCBF-2858-4AB5-8E9B-B4E38B1D7388}"
EndProject
Project("{FAE04EC0-301F-11D3-BF4B-00C04F79EFBC}") = "BookSharing.Auth", "domain\BookSharing.Auth\BookSharing.Auth.csproj", "{BE4214BD-922D-470C-9CE7-CD5D668E5F00}"
EndProject
Global
	GlobalSection(SolutionConfigurationPlatforms) = preSolution
		Debug|Any CPU = Debug|Any CPU
		Release|Any CPU = Release|Any CPU
	EndGlobalSection
	GlobalSection(ProjectConfigurationPlatforms) = postSolution
		{076FFB0E-BCE9-475E-8D85-B22E85BB163E}.Debug|Any CPU.ActiveCfg = Debug|Any CPU
		{076FFB0E-BCE9-475E-8D85-B22E85BB163E}.Debug|Any CPU.Build.0 = Debug|Any CPU
		{076FFB0E-BCE9-475E-8D85-B22E85BB163E}.Release|Any CPU.ActiveCfg = Release|Any CPU
		{076FFB0E-BCE9-475E-8D85-B22E85BB163E}.Release|Any CPU.Build.0 = Release|Any CPU
		{19F981C4-AD5C-4E0C-BE86-B3B6C7B7C12B}.Debug|Any CPU.ActiveCfg = Debug|Any CPU
		{19F981C4-AD5C-4E0C-BE86-B3B6C7B7C12B}.Debug|Any CPU.Build.0 = Debug|Any CPU
		{19F981C4-AD5C-4E0C-BE86-B3B6C7B7C12B}.Release|Any CPU.ActiveCfg = Release|Any CPU
		{19F981C4-AD5C-4E0C-BE86-B3B6C7B7C12B}.Release|Any CPU.Build.0 = Release|Any CPU
		{96DFFCBF-2858-4AB5-8E9B-B4E38B1D7388}.Debug|Any CPU.ActiveCfg = Debug|Any CPU
		{96DFFCBF-2858-4AB5-8E9B-B4E38B1D7388}.Debug|Any CPU.Build.0 = Debug|Any CPU
		{96DFFCBF-2858-4AB5-8E9B-B4E38B1D7388}.Release|Any CPU.ActiveCfg = Release|Any CPU
		{96DFFCBF-2858-4AB5-8E9B-B4E38B1D7388}.Release|Any CPU.Build.0 = Release|Any CPU
		{BE4214BD-922D-470C-9CE7-CD5D668E5F00}.Debug|Any CPU.ActiveCfg = Debug|Any CPU
		{BE4214BD-922D-470C-9CE7-CD5D668E5F00}.Debug|Any CPU.Build.0 = Debug|Any CPU
		{BE4214BD-922D-470C-9CE7-CD5D668E5F00}.Release|Any CPU.ActiveCfg = Release|Any CPU
		{BE4214BD-922D-470C-9CE7-CD5D668E5F00}.Release|Any CPU.Build.0 = Release|Any CPU
	EndGlobalSection
	GlobalSection(SolutionProperties) = preSolution
		HideSolutionNode = FALSE
	EndGlobalSection
	GlobalSection(NestedProjects) = preSolution
		{076FFB0E-BCE9-475E-8D85-B22E85BB163E} = {C60C41A6-9EB6-4068-8B44-31CC8C287237}
		{19F981C4-AD5C-4E0C-BE86-B3B6C7B7C12B} = {AE36EBD4-7369-40B4-B5BE-185C0F195A31}
		{96DFFCBF-2858-4AB5-8E9B-B4E38B1D7388} = {A343CE8E-8B8A-457D-A654-DEFD8D010D56}
		{BE4214BD-922D-470C-9CE7-CD5D668E5F00} = {AE36EBD4-7369-40B4-B5BE-185C0F195A31}
	EndGlobalSection
	GlobalSection(ExtensibilityGlobals) = postSolution
		SolutionGuid = {1B92D975-7827-4064-B15B-F78516DBED06}
	EndGlobalSection
EndGlobal
